
Microsoft Visual Studio Solution File, Format Version 12.00
# Visual Studio Version 17
VisualStudioVersion = 17.9.34728.123
MinimumVisualStudioVersion = 10.0.40219.1
Project("{FAE04EC0-301F-11D3-BF4B-00C04F79EFBC}") = "Testing_10_Mau_12_Eban", "Testing_SoundCloud_10Mau_12Eban\Testing_10_Mau_12_Eban.csproj", "{FD8B4324-4C8F-491F-9924-E61215292002}"
EndProject
Global
	GlobalSection(SolutionConfigurationPlatforms) = preSolution
		Debug|Any CPU = Debug|Any CPU
		Release|Any CPU = Release|Any CPU
	EndGlobalSection
	GlobalSection(ProjectConfigurationPlatforms) = postSolution
		{FD8B4324-4C8F-491F-9924-E61215292002}.Debug|Any CPU.ActiveCfg = Debug|Any CPU
		{FD8B4324-4C8F-491F-9924-E61215292002}.Debug|Any CPU.Build.0 = Debug|Any CPU
		{FD8B4324-4C8F-491F-9924-E61215292002}.Release|Any CPU.ActiveCfg = Release|Any CPU
		{FD8B4324-4C8F-491F-9924-E61215292002}.Release|Any CPU.Build.0 = Release|Any CPU
	EndGlobalSection
	GlobalSection(SolutionProperties) = preSolution
		HideSolutionNode = FALSE
	EndGlobalSection
	GlobalSection(ExtensibilityGlobals) = postSolution
		SolutionGuid = {A9EBB700-B215-4B22-A85E-6B21DD4089F4}
	EndGlobalSection
EndGlobal
